{
  "name": "glov-build-preresolve",
  "version": "0.0.1",
  "lockfileVersion": 1,
  "requires": true,
  "dependencies": {
    "glov-async": {
      "version": "0.0.1",
      "resolved": "https://registry.npmjs.org/glov-async/-/glov-async-0.0.1.tgz",
      "integrity": "sha512-aj+4Zv0II3ChZv+2iP7Du+6SP7artcnqr6oRYmS/MbUnRT4VZW76RzYr6/NDbl5+mS9yIIMbH4yEj6lIrBJEFw=="
    }
  }
}
